
Microsoft Visual Studio Solution File, Format Version 12.00
# Visual Studio Version 17
VisualStudioVersion = 17.0.31903.59
MinimumVisualStudioVersion = 10.0.40219.1
Project("{2150E333-8FDC-42A3-9474-1A3956D46DE8}") = "src", "src", "{F90C9A29-F3F1-4F7A-AC96-4C91DE28A92B}"
EndProject
Project("{FAE04EC0-301F-11D3-BF4B-00C04F79EFBC}") = "OneReport", "src\OneReport\OneReport.csproj", "{144F8C33-5F31-46B8-840E-23F156B18B74}"
EndProject
Project("{2150E333-8FDC-42A3-9474-1A3956D46DE8}") = "tests", "tests", "{4BCAC23F-DFE8-47C4-8E18-44B6101210C3}"
EndProject
Project("{2150E333-8FDC-42A3-9474-1A3956D46DE8}") = "OneReport.Tests", "OneReport.Tests", "{FD9001E1-8653-4BBF-B2F0-63313AE77483}"
EndProject
Project("{FAE04EC0-301F-11D3-BF4B-00C04F79EFBC}") = "OneReport.Tests", "tests\OneReport.Tests\OneReport.Tests\OneReport.Tests.csproj", "{F523B287-7297-491C-A764-3D6DEDA41101}"
EndProject
Global
	GlobalSection(SolutionConfigurationPlatforms) = preSolution
		Debug|Any CPU = Debug|Any CPU
		Release|Any CPU = Release|Any CPU
	EndGlobalSection
	GlobalSection(SolutionProperties) = preSolution
		HideSolutionNode = FALSE
	EndGlobalSection
	GlobalSection(ProjectConfigurationPlatforms) = postSolution
		{144F8C33-5F31-46B8-840E-23F156B18B74}.Debug|Any CPU.ActiveCfg = Debug|Any CPU
		{144F8C33-5F31-46B8-840E-23F156B18B74}.Debug|Any CPU.Build.0 = Debug|Any CPU
		{144F8C33-5F31-46B8-840E-23F156B18B74}.Release|Any CPU.ActiveCfg = Release|Any CPU
		{144F8C33-5F31-46B8-840E-23F156B18B74}.Release|Any CPU.Build.0 = Release|Any CPU
		{F523B287-7297-491C-A764-3D6DEDA41101}.Debug|Any CPU.ActiveCfg = Debug|Any CPU
		{F523B287-7297-491C-A764-3D6DEDA41101}.Debug|Any CPU.Build.0 = Debug|Any CPU
		{F523B287-7297-491C-A764-3D6DEDA41101}.Release|Any CPU.ActiveCfg = Release|Any CPU
		{F523B287-7297-491C-A764-3D6DEDA41101}.Release|Any CPU.Build.0 = Release|Any CPU
	EndGlobalSection
	GlobalSection(NestedProjects) = preSolution
		{144F8C33-5F31-46B8-840E-23F156B18B74} = {F90C9A29-F3F1-4F7A-AC96-4C91DE28A92B}
		{FD9001E1-8653-4BBF-B2F0-63313AE77483} = {4BCAC23F-DFE8-47C4-8E18-44B6101210C3}
		{F523B287-7297-491C-A764-3D6DEDA41101} = {FD9001E1-8653-4BBF-B2F0-63313AE77483}
	EndGlobalSection
EndGlobal
